// !$*UTF8*$!
{
	archiveVersion = 1;
	classes = {
	};
	objectVersion = 46;
	objects = {

/* Begin PBXBuildFile section */
		FAA675841C96C59F0024B161 /* AppDelegate.swift in Sources */ = {isa = PBXBuildFile; fileRef = FAA675831C96C59F0024B161 /* AppDelegate.swift */; };
		FAA675861C96C59F0024B161 /* FirstViewController.swift in Sources */ = {isa = PBXBuildFile; fileRef = FAA675851C96C59F0024B161 /* FirstViewController.swift */; };
		FAA675881C96C59F0024B161 /* LocationVC.swift in Sources */ = {isa = PBXBuildFile; fileRef = FAA675871C96C59F0024B161 /* LocationVC.swift */; };
		FAA6758B1C96C59F0024B161 /* Main.storyboard in Resources */ = {isa = PBXBuildFile; fileRef = FAA675891C96C59F0024B161 /* Main.storyboard */; };
		FAA6758D1C96C59F0024B161 /* Assets.xcassets in Resources */ = {isa = PBXBuildFile; fileRef = FAA6758C1C96C59F0024B161 /* Assets.xcassets */; };
		FAA675901C96C59F0024B161 /* LaunchScreen.storyboard in Resources */ = {isa = PBXBuildFile; fileRef = FAA6758E1C96C59F0024B161 /* LaunchScreen.storyboard */; };
/* End PBXBuildFile section */

/* Begin PBXFileReference section */
		FAA675801C96C59F0024B161 /* DevBootcamps.app */ = {isa = PBXFileReference; explicitFileType = wrapper.application; includeInIndex = 0; path = DevBootcamps.app; sourceTree = BUILT_PRODUCTS_DIR; };
		FAA675831C96C59F0024B161 /* AppDelegate.swift */ = {isa = PBXFileReference; lastKnownFileType = sourcecode.swift; path = AppDelegate.swift; sourceTree = "<group>"; };
		FAA675851C96C59F0024B161 /* FirstViewController.swift */ = {isa = PBXFileReference; lastKnownFileType = sourcecode.swift; path = FirstViewController.swift; sourceTree = "<group>"; };
		FAA675871C96C59F0024B161 /* LocationVC.swift */ = {isa = PBXFileReference; lastKnownFileType = sourcecode.swift; path = LocationVC.swift; sourceTree = "<group>"; };
		FAA6758A1C96C59F0024B161 /* Base */ = {isa = PBXFileReference; lastKnownFileType = file.storyboard; name = Base; path = Base.lproj/Main.storyboard; sourceTree = "<group>"; };
		FAA6758C1C96C59F0024B161 /* Assets.xcassets */ = {isa = PBXFileReference; lastKnownFileType = folder.assetcatalog; path = Assets.xcassets; sourceTree = "<group>"; };
		FAA6758F1C96C59F0024B161 /* Base */ = {isa = PBXFileReference; lastKnownFileType = file.storyboard; name = Base; path = Base.lproj/LaunchScreen.storyboard; sourceTree = "<group>"; };
		FAA675911C96C59F0024B161 /* Info.plist */ = {isa = PBXFileReference; lastKnownFileType = text.plist.xml; path = Info.plist; sourceTree = "<group>"; };
/* End PBXFileReference section */

/* Begin PBXFrameworksBuildPhase section */
		FAA6757D1C96C59F0024B161 /* Frameworks */ = {
			isa = PBXFrameworksBuildPhase;
			buildActionMask = 2147483647;
			files = (
			);
			runOnlyForDeploymentPostprocessing = 0;
		};
/* End PBXFrameworksBuildPhase section */

/* Begin PBXGroup section */
		FAA675771C96C59F0024B161 = {
			isa = PBXGroup;
			children = (
				FAA675821C96C59F0024B161 /* DevBootcamps */,
				FAA675811C96C59F0024B161 /* Products */,
			);
			sourceTree = "<group>";
		};
		FAA675811C96C59F0024B161 /* Products */ = {
			isa = PBXGroup;
			children = (
				FAA675801C96C59F0024B161 /* DevBootcamps.app */,
			);
			name = Products;
			sourceTree = "<group>";
		};
		FAA675821C96C59F0024B161 /* DevBootcamps */ = {
			isa = PBXGroup;
			children = (
				FAA675831C96C59F0024B161 /* AppDelegate.swift */,
				FAA675851C96C59F0024B161 /* FirstViewController.swift */,
				FAA675871C96C59F0024B161 /* LocationVC.swift */,
				FAA675891C96C59F0024B161 /* Main.storyboard */,
				FAA6758C1C96C59F0024B161 /* Assets.xcassets */,
				FAA6758E1C96C59F0024B161 /* LaunchScreen.storyboard */,
				FAA675911C96C59F0024B161 /* Info.plist */,
			);
			path = DevBootcamps;
			sourceTree = "<group>";
		};
/* End PBXGroup section */

/* Begin PBXNativeTarget section */
		FAA6757F1C96C59F0024B161 /* DevBootcamps */ = {
			isa = PBXNativeTarget;
			buildConfigurationList = FAA675941C96C59F0024B161 /* Build configuration list for PBXNativeTarget "DevBootcamps" */;
			buildPhases = (
				FAA6757C1C96C59F0024B161 /* Sources */,
				FAA6757D1C96C59F0024B161 /* Frameworks */,
				FAA6757E1C96C59F0024B161 /* Resources */,
			);
			buildRules = (
			);
			dependencies = (
			);
			name = DevBootcamps;
			productName = DevBootcamps;
			productReference = FAA675801C96C59F0024B161 /* DevBootcamps.app */;
			productType = "com.apple.product-type.application";
		};
/* End PBXNativeTarget section */

/* Begin PBXProject section */
		FAA675781C96C59F0024B161 /* Project object */ = {
			isa = PBXProject;
			attributes = {
				LastSwiftUpdateCheck = 0720;
				LastUpgradeCheck = 0720;
				ORGANIZATIONNAME = "Alex Lombry";
				TargetAttributes = {
					FAA6757F1C96C59F0024B161 = {
						CreatedOnToolsVersion = 7.2.1;
					};
				};
			};
			buildConfigurationList = FAA6757B1C96C59F0024B161 /* Build configuration list for PBXProject "DevBootcamps" */;
			compatibilityVersion = "Xcode 3.2";
			developmentRegion = English;
			hasScannedForEncodings = 0;
			knownRegions = (
				en,
				Base,
			);
			mainGroup = FAA675771C96C59F0024B161;
			productRefGroup = FAA675811C96C59F0024B161 /* Products */;
			projectDirPath = "";
			projectRoot = "";
			targets = (
				FAA6757F1C96C59F0024B161 /* DevBootcamps */,
			);
		};
/* End PBXProject section */

/* Begin PBXResourcesBuildPhase section */
		FAA6757E1C96C59F0024B161 /* Resources */ = {
			isa = PBXResourcesBuildPhase;
			buildActionMask = 2147483647;
			files = (
				FAA675901C96C59F0024B161 /* LaunchScreen.storyboard in Resources */,
				FAA6758D1C96C59F0024B161 /* Assets.xcassets in Resources */,
				FAA6758B1C96C59F0024B161 /* Main.storyboard in Resources */,
			);
			runOnlyForDeploymentPostprocessing = 0;
		};
/* End PBXResourcesBuildPhase section */

/* Begin PBXSourcesBuildPhase section */
		FAA6757C1C96C59F0024B161 /* Sources */ = {
			isa = PBXSourcesBuildPhase;
			buildActionMask = 2147483647;
			files = (
				FAA675881C96C59F0024B161 /* LocationVC.swift in Sources */,
				FAA675841C96C59F0024B161 /* AppDelegate.swift in Sources */,
				FAA675861C96C59F0024B161 /* FirstViewController.swift in Sources */,
			);
			runOnlyForDeploymentPostprocessing = 0;
		};
/* End PBXSourcesBuildPhase section */

/* Begin PBXVariantGroup section */
		FAA675891C96C59F0024B161 /* Main.storyboard */ = {
			isa = PBXVariantGroup;
			children = (
				FAA6758A1C96C59F0024B161 /* Base */,
			);
			name = Main.storyboard;
			sourceTree = "<group>";
		};
		FAA6758E1C96C59F0024B161 /* LaunchScreen.storyboard */ = {
			isa = PBXVariantGroup;
			children = (
				FAA6758F1C96C59F0024B161 /* Base */,
			);
			name = LaunchScreen.storyboard;
			sourceTree = "<group>";
		};
/* End PBXVariantGroup section */

/* Begin XCBuildConfiguration section */
		FAA675921C96C59F0024B161 /* Debug */ = {
			isa = XCBuildConfiguration;
			buildSettings = {
				ALWAYS_SEARCH_USER_PATHS = NO;
				CLANG_CXX_LANGUAGE_STANDARD = "gnu++0x";
				CLANG_CXX_LIBRARY = "libc++";
				CLANG_ENABLE_MODULES = YES;
				CLANG_ENABLE_OBJC_ARC = YES;
				CLANG_WARN_BOOL_CONVERSION = YES;
				CLANG_WARN_CONSTANT_CONVERSION = YES;
				CLANG_WARN_DIRECT_OBJC_ISA_USAGE = YES_ERROR;
				CLANG_WARN_EMPTY_BODY = YES;
				CLANG_WARN_ENUM_CONVERSION = YES;
				CLANG_WARN_INT_CONVERSION = YES;
				CLANG_WARN_OBJC_ROOT_CLASS = YES_ERROR;
				CLANG_WARN_UNREACHABLE_CODE = YES;
				CLANG_WARN__DUPLICATE_METHOD_MATCH = YES;
				"CODE_SIGN_IDENTITY[sdk=iphoneos*]" = "iPhone Developer";
				COPY_PHASE_STRIP = NO;
				DEBUG_INFORMATION_FORMAT = dwarf;
				ENABLE_STRICT_OBJC_MSGSEND = YES;
				ENABLE_TESTABILITY = YES;
				GCC_C_LANGUAGE_STANDARD = gnu99;
				GCC_DYNAMIC_NO_PIC = NO;
				GCC_NO_COMMON_BLOCKS = YES;
				GCC_OPTIMIZATION_LEVEL = 0;
				GCC_PREPROCESSOR_DEFINITIONS = (
					"DEBUG=1",
					"$(inherited)",
				);
				GCC_WARN_64_TO_32_BIT_CONVERSION = YES;
				GCC_WARN_ABOUT_RETURN_TYPE = YES_ERROR;
				GCC_WARN_UNDECLARED_SELECTOR = YES;
				GCC_WARN_UNINITIALIZED_AUTOS = YES_AGGRESSIVE;
				GCC_WARN_UNUSED_FUNCTION = YES;
				GCC_WARN_UNUSED_VARIABLE = YES;
				IPHONEOS_DEPLOYMENT_TARGET = 9.2;
				MTL_ENABLE_DEBUG_INFO = YES;
				ONLY_ACTIVE_ARCH = YES;
				SDKROOT = iphoneos;
				SWIFT_OPTIMIZATION_LEVEL = "-Onone";
			};
			name = Debug;
		};
		FAA675931C96C59F0024B161 /* Release */ = {
			isa = XCBuildConfiguration;
			buildSettings = {
				ALWAYS_SEARCH_USER_PATHS = NO;
				CLANG_CXX_LANGUAGE_STANDARD = "gnu++0x";
				CLANG_CXX_LIBRARY = "libc++";
				CLANG_ENABLE_MODULES = YES;
				CLANG_ENABLE_OBJC_ARC = YES;
				CLANG_WARN_BOOL_CONVERSION = YES;
				CLANG_WARN_CONSTANT_CONVERSION = YES;
				CLANG_WARN_DIRECT_OBJC_ISA_USAGE = YES_ERROR;
				CLANG_WARN_EMPTY_BODY = YES;
				CLANG_WARN_ENUM_CONVERSION = YES;
				CLANG_WARN_INT_CONVERSION = YES;
				CLANG_WARN_OBJC_ROOT_CLASS = YES_ERROR;
				CLANG_WARN_UNREACHABLE_CODE = YES;
				CLANG_WARN__DUPLICATE_METHOD_MATCH = YES;
				"CODE_SIGN_IDENTITY[sdk=iphoneos*]" = "iPhone Developer";
				COPY_PHASE_STRIP = NO;
				DEBUG_INFORMATION_FORMAT = "dwarf-with-dsym";
				ENABLE_NS_ASSERTIONS = NO;
				ENABLE_STRICT_OBJC_MSGSEND = YES;
				GCC_C_LANGUAGE_STANDARD = gnu99;
				GCC_NO_COMMON_BLOCKS = YES;
				GCC_WARN_64_TO_32_BIT_CONVERSION = YES;
				GCC_WARN_ABOUT_RETURN_TYPE = YES_ERROR;
				GCC_WARN_UNDECLARED_SELECTOR = YES;
				GCC_WARN_UNINITIALIZED_AUTOS = YES_AGGRESSIVE;
				GCC_WARN_UNUSED_FUNCTION = YES;
				GCC_WARN_UNUSED_VARIABLE = YES;
				IPHONEOS_DEPLOYMENT_TARGET = 9.2;
				MTL_ENABLE_DEBUG_INFO = NO;
				SDKROOT = iphoneos;
				VALIDATE_PRODUCT = YES;
			};
			name = Release;
		};
		FAA675951C96C59F0024B161 /* Debug */ = {
			isa = XCBuildConfiguration;
			buildSettings = {
				ASSETCATALOG_COMPILER_APPICON_NAME = AppIcon;
				INFOPLIST_FILE = DevBootcamps/Info.plist;
				LD_RUNPATH_SEARCH_PATHS = "$(inherited) @executable_path/Frameworks";
				PRODUCT_BUNDLE_IDENTIFIER = com.shinken.DevBootcamps;
				PRODUCT_NAME = "$(TARGET_NAME)";
			};
			name = Debug;
		};
		FAA675961C96C59F0024B161 /* Release */ = {
			isa = XCBuildConfiguration;
			buildSettings = {
				ASSETCATALOG_COMPILER_APPICON_NAME = AppIcon;
				INFOPLIST_FILE = DevBootcamps/Info.plist;
				LD_RUNPATH_SEARCH_PATHS = "$(inherited) @executable_path/Frameworks";
				PRODUCT_BUNDLE_IDENTIFIER = com.shinken.DevBootcamps;
				PRODUCT_NAME = "$(TARGET_NAME)";
			};
			name = Release;
		};
/* End XCBuildConfiguration section */

/* Begin XCConfigurationList section */
		FAA6757B1C96C59F0024B161 /* Build configuration list for PBXProject "DevBootcamps" */ = {
			isa = XCConfigurationList;
			buildConfigurations = (
				FAA675921C96C59F0024B161 /* Debug */,
				FAA675931C96C59F0024B161 /* Release */,
			);
			defaultConfigurationIsVisible = 0;
			defaultConfigurationName = Release;
		};
		FAA675941C96C59F0024B161 /* Build configuration list for PBXNativeTarget "DevBootcamps" */ = {
			isa = XCConfigurationList;
			buildConfigurations = (
				FAA675951C96C59F0024B161 /* Debug */,
				FAA675961C96C59F0024B161 /* Release */,
			);
			defaultConfigurationIsVisible = 0;
		};
/* End XCConfigurationList section */
	};
	rootObject = FAA675781C96C59F0024B161 /* Project object */;
}
